
Microsoft Visual Studio Solution File, Format Version 12.00
# Visual Studio Version 16
VisualStudioVersion = 16.0.31321.278
MinimumVisualStudioVersion = 10.0.40219.1
Project("{FAE04EC0-301F-11D3-BF4B-00C04F79EFBC}") = "Demo 2 - ThreadSafeSingleton", "Demo 2 - ThreadSafeSingleton.csproj", "{6197A503-BD3A-47BC-9A58-F7D7E428F931}"
EndProject
Project("{FAE04EC0-301F-11D3-BF4B-00C04F79EFBC}") = "Demo 3 - BatterLocking", "..\Demo 3 - BatterLocking\Demo 3 - BatterLocking.csproj", "{0990FF49-C702-4A27-AC05-D1584F1D563F}"
EndProject
Global
	GlobalSection(SolutionConfigurationPlatforms) = preSolution
		Debug|Any CPU = Debug|Any CPU
		Release|Any CPU = Release|Any CPU
	EndGlobalSection
	GlobalSection(ProjectConfigurationPlatforms) = postSolution
		{6197A503-BD3A-47BC-9A58-F7D7E428F931}.Debug|Any CPU.ActiveCfg = Debug|Any CPU
		{6197A503-BD3A-47BC-9A58-F7D7E428F931}.Debug|Any CPU.Build.0 = Debug|Any CPU
		{6197A503-BD3A-47BC-9A58-F7D7E428F931}.Release|Any CPU.ActiveCfg = Release|Any CPU
		{6197A503-BD3A-47BC-9A58-F7D7E428F931}.Release|Any CPU.Build.0 = Release|Any CPU
		{0990FF49-C702-4A27-AC05-D1584F1D563F}.Debug|Any CPU.ActiveCfg = Debug|Any CPU
		{0990FF49-C702-4A27-AC05-D1584F1D563F}.Debug|Any CPU.Build.0 = Debug|Any CPU
		{0990FF49-C702-4A27-AC05-D1584F1D563F}.Release|Any CPU.ActiveCfg = Release|Any CPU
		{0990FF49-C702-4A27-AC05-D1584F1D563F}.Release|Any CPU.Build.0 = Release|Any CPU
	EndGlobalSection
	GlobalSection(SolutionProperties) = preSolution
		HideSolutionNode = FALSE
	EndGlobalSection
	GlobalSection(ExtensibilityGlobals) = postSolution
		SolutionGuid = {81B2BEE5-16DA-428C-887E-5898D4656FB2}
	EndGlobalSection
EndGlobal
