
Microsoft Visual Studio Solution File, Format Version 12.00
# Visual Studio Version 16
VisualStudioVersion = 16.0.31321.278
MinimumVisualStudioVersion = 10.0.40219.1
Project("{FAE04EC0-301F-11D3-BF4B-00C04F79EFBC}") = "Demo 1 - Naive", "Demo 1 - Naive.csproj", "{E69DB56B-1909-4F58-AAC1-C80A1370BAD7}"
EndProject
Global
	GlobalSection(SolutionConfigurationPlatforms) = preSolution
		Debug|Any CPU = Debug|Any CPU
		Release|Any CPU = Release|Any CPU
	EndGlobalSection
	GlobalSection(ProjectConfigurationPlatforms) = postSolution
		{E69DB56B-1909-4F58-AAC1-C80A1370BAD7}.Debug|Any CPU.ActiveCfg = Debug|Any CPU
		{E69DB56B-1909-4F58-AAC1-C80A1370BAD7}.Debug|Any CPU.Build.0 = Debug|Any CPU
		{E69DB56B-1909-4F58-AAC1-C80A1370BAD7}.Release|Any CPU.ActiveCfg = Release|Any CPU
		{E69DB56B-1909-4F58-AAC1-C80A1370BAD7}.Release|Any CPU.Build.0 = Release|Any CPU
	EndGlobalSection
	GlobalSection(SolutionProperties) = preSolution
		HideSolutionNode = FALSE
	EndGlobalSection
	GlobalSection(ExtensibilityGlobals) = postSolution
		SolutionGuid = {E331C3B6-F4BC-4785-8A05-D51E58A19774}
	EndGlobalSection
EndGlobal
